{
  "object": {
    "pins": [
      {
        "package": "VDKit",
        "repositoryURL": "https://github.com/dankinsoid/VDKit.git",
        "state": {
          "branch": null,
          "revision": "c9b873ab8c109f3d955002663fa705955aa7c6dd",
          "version": "1.45.0"
        }
      }
    ]
  },
  "version": 1
}
