{
  "object": {
    "pins": [
      {
        "package": "VDKit",
        "repositoryURL": "https://github.com/dankinsoid/VDKit.git",
        "state": {
          "branch": null,
          "revision": "ca03d97530559356663a7a6d716914dfebc15067",
          "version": "1.83.0"
        }
      }
    ]
  },
  "version": 1
}
